
Microsoft Visual Studio Solution File, Format Version 12.00
# Visual Studio Version 17
VisualStudioVersion = 17.13.35931.197
MinimumVisualStudioVersion = 10.0.40219.1
Project("{FAE04EC0-301F-11D3-BF4B-00C04F79EFBC}") = "COBIeManager", "COBIeManager.csproj", "{ED6E716D-946C-4B10-8BE2-705F3C022139}"
EndProject
Project("{FAE04EC0-301F-11D3-BF4B-00C04F79EFBC}") = "Aps.Core", "Aps.Core\Aps.Core.csproj", "{A1234567-B890-1234-5678-90ABCDEF1234}"
EndProject
Global
	GlobalSection(SolutionConfigurationPlatforms) = preSolution
		Debug|Any CPU = Debug|Any CPU
		Debug|x64 = Debug|x64
		Debug|x86 = Debug|x86
		Debug2023|Any CPU = Debug2023|Any CPU
		Debug2023|x64 = Debug2023|x64
		Debug2023|x86 = Debug2023|x86
		Debug2024|Any CPU = Debug2024|Any CPU
		Debug2024|x64 = Debug2024|x64
		Debug2024|x86 = Debug2024|x86
		Debug2025|Any CPU = Debug2025|Any CPU
		Debug2025|x64 = Debug2025|x64
		Debug2025|x86 = Debug2025|x86
		Debug2026|Any CPU = Debug2026|Any CPU
		Debug2026|x64 = Debug2026|x64
		Debug2026|x86 = Debug2026|x86
		Release|Any CPU = Release|Any CPU
		Release|x64 = Release|x64
		Release|x86 = Release|x86
		Release2023|Any CPU = Release2023|Any CPU
		Release2023|x64 = Release2023|x64
		Release2023|x86 = Release2023|x86
		Release2024|Any CPU = Release2024|Any CPU
		Release2024|x64 = Release2024|x64
		Release2024|x86 = Release2024|x86
		Release2025|Any CPU = Release2025|Any CPU
		Release2025|x64 = Release2025|x64
		Release2025|x86 = Release2025|x86
		Release2026|Any CPU = Release2026|Any CPU
		Release2026|x64 = Release2026|x64
		Release2026|x86 = Release2026|x86
	EndGlobalSection
	GlobalSection(ProjectConfigurationPlatforms) = postSolution
		{ED6E716D-946C-4B10-8BE2-705F3C022139}.Debug|Any CPU.ActiveCfg = Debug|Any CPU
		{ED6E716D-946C-4B10-8BE2-705F3C022139}.Debug|Any CPU.Build.0 = Debug|Any CPU
		{ED6E716D-946C-4B10-8BE2-705F3C022139}.Debug|x64.ActiveCfg = Debug|Any CPU
		{ED6E716D-946C-4B10-8BE2-705F3C022139}.Debug|x64.Build.0 = Debug|Any CPU
		{ED6E716D-946C-4B10-8BE2-705F3C022139}.Debug|x86.ActiveCfg = Debug|Any CPU
		{ED6E716D-946C-4B10-8BE2-705F3C022139}.Debug|x86.Build.0 = Debug|Any CPU
		{ED6E716D-946C-4B10-8BE2-705F3C022139}.Debug2023|Any CPU.ActiveCfg = Debug2023|Any CPU
		{ED6E716D-946C-4B10-8BE2-705F3C022139}.Debug2023|Any CPU.Build.0 = Debug2023|Any CPU
		{ED6E716D-946C-4B10-8BE2-705F3C022139}.Debug2023|x64.ActiveCfg = Debug2023|Any CPU
		{ED6E716D-946C-4B10-8BE2-705F3C022139}.Debug2023|x64.Build.0 = Debug2023|Any CPU
		{ED6E716D-946C-4B10-8BE2-705F3C022139}.Debug2023|x86.ActiveCfg = Debug2023|Any CPU
		{ED6E716D-946C-4B10-8BE2-705F3C022139}.Debug2023|x86.Build.0 = Debug2023|Any CPU
		{ED6E716D-946C-4B10-8BE2-705F3C022139}.Debug2024|Any CPU.ActiveCfg = Debug2024|Any CPU
		{ED6E716D-946C-4B10-8BE2-705F3C022139}.Debug2024|Any CPU.Build.0 = Debug2024|Any CPU
		{ED6E716D-946C-4B10-8BE2-705F3C022139}.Debug2024|x64.ActiveCfg = Debug2024|Any CPU
		{ED6E716D-946C-4B10-8BE2-705F3C022139}.Debug2024|x64.Build.0 = Debug2024|Any CPU
		{ED6E716D-946C-4B10-8BE2-705F3C022139}.Debug2024|x86.ActiveCfg = Debug2024|Any CPU
		{ED6E716D-946C-4B10-8BE2-705F3C022139}.Debug2024|x86.Build.0 = Debug2024|Any CPU
		{ED6E716D-946C-4B10-8BE2-705F3C022139}.Debug2025|Any CPU.ActiveCfg = Debug2025|Any CPU
		{ED6E716D-946C-4B10-8BE2-705F3C022139}.Debug2025|Any CPU.Build.0 = Debug2025|Any CPU
		{ED6E716D-946C-4B10-8BE2-705F3C022139}.Debug2025|x64.ActiveCfg = Debug2025|Any CPU
		{ED6E716D-946C-4B10-8BE2-705F3C022139}.Debug2025|x64.Build.0 = Debug2025|Any CPU
		{ED6E716D-946C-4B10-8BE2-705F3C022139}.Debug2025|x86.ActiveCfg = Debug2025|Any CPU
		{ED6E716D-946C-4B10-8BE2-705F3C022139}.Debug2025|x86.Build.0 = Debug2025|Any CPU
		{ED6E716D-946C-4B10-8BE2-705F3C022139}.Debug2026|Any CPU.ActiveCfg = Debug2026|Any CPU
		{ED6E716D-946C-4B10-8BE2-705F3C022139}.Debug2026|Any CPU.Build.0 = Debug2026|Any CPU
		{ED6E716D-946C-4B10-8BE2-705F3C022139}.Debug2026|x64.ActiveCfg = Debug2026|Any CPU
		{ED6E716D-946C-4B10-8BE2-705F3C022139}.Debug2026|x64.Build.0 = Debug2026|Any CPU
		{ED6E716D-946C-4B10-8BE2-705F3C022139}.Debug2026|x86.ActiveCfg = Debug2026|Any CPU
		{ED6E716D-946C-4B10-8BE2-705F3C022139}.Debug2026|x86.Build.0 = Debug2026|Any CPU
		{ED6E716D-946C-4B10-8BE2-705F3C022139}.Release|Any CPU.ActiveCfg = Release|Any CPU
		{ED6E716D-946C-4B10-8BE2-705F3C022139}.Release|Any CPU.Build.0 = Release|Any CPU
		{ED6E716D-946C-4B10-8BE2-705F3C022139}.Release|x64.ActiveCfg = Release|Any CPU
		{ED6E716D-946C-4B10-8BE2-705F3C022139}.Release|x64.Build.0 = Release|Any CPU
		{ED6E716D-946C-4B10-8BE2-705F3C022139}.Release|x86.ActiveCfg = Release|Any CPU
		{ED6E716D-946C-4B10-8BE2-705F3C022139}.Release|x86.Build.0 = Release|Any CPU
		{ED6E716D-946C-4B10-8BE2-705F3C022139}.Release2023|Any CPU.ActiveCfg = Release2023|Any CPU
		{ED6E716D-946C-4B10-8BE2-705F3C022139}.Release2023|Any CPU.Build.0 = Release2023|Any CPU
		{ED6E716D-946C-4B10-8BE2-705F3C022139}.Release2023|x64.ActiveCfg = Release2023|Any CPU
		{ED6E716D-946C-4B10-8BE2-705F3C022139}.Release2023|x64.Build.0 = Release2023|Any CPU
		{ED6E716D-946C-4B10-8BE2-705F3C022139}.Release2023|x86.ActiveCfg = Release2023|Any CPU
		{ED6E716D-946C-4B10-8BE2-705F3C022139}.Release2023|x86.Build.0 = Release2023|Any CPU
		{ED6E716D-946C-4B10-8BE2-705F3C022139}.Release2024|Any CPU.ActiveCfg = Release2024|Any CPU
		{ED6E716D-946C-4B10-8BE2-705F3C022139}.Release2024|Any CPU.Build.0 = Release2024|Any CPU
		{ED6E716D-946C-4B10-8BE2-705F3C022139}.Release2024|x64.ActiveCfg = Release2024|Any CPU
		{ED6E716D-946C-4B10-8BE2-705F3C022139}.Release2024|x64.Build.0 = Release2024|Any CPU
		{ED6E716D-946C-4B10-8BE2-705F3C022139}.Release2024|x86.ActiveCfg = Release2024|Any CPU
		{ED6E716D-946C-4B10-8BE2-705F3C022139}.Release2024|x86.Build.0 = Release2024|Any CPU
		{ED6E716D-946C-4B10-8BE2-705F3C022139}.Release2025|Any CPU.ActiveCfg = Release2025|Any CPU
		{ED6E716D-946C-4B10-8BE2-705F3C022139}.Release2025|Any CPU.Build.0 = Release2025|Any CPU
		{ED6E716D-946C-4B10-8BE2-705F3C022139}.Release2025|x64.ActiveCfg = Release2025|Any CPU
		{ED6E716D-946C-4B10-8BE2-705F3C022139}.Release2025|x64.Build.0 = Release2025|Any CPU
		{ED6E716D-946C-4B10-8BE2-705F3C022139}.Release2025|x86.ActiveCfg = Release2025|Any CPU
		{ED6E716D-946C-4B10-8BE2-705F3C022139}.Release2025|x86.Build.0 = Release2025|Any CPU
		{ED6E716D-946C-4B10-8BE2-705F3C022139}.Release2026|Any CPU.ActiveCfg = Release2026|Any CPU
		{ED6E716D-946C-4B10-8BE2-705F3C022139}.Release2026|Any CPU.Build.0 = Release2026|Any CPU
		{ED6E716D-946C-4B10-8BE2-705F3C022139}.Release2026|x64.ActiveCfg = Release2026|Any CPU
		{ED6E716D-946C-4B10-8BE2-705F3C022139}.Release2026|x64.Build.0 = Release2026|Any CPU
		{ED6E716D-946C-4B10-8BE2-705F3C022139}.Release2026|x86.ActiveCfg = Release2026|Any CPU
		{ED6E716D-946C-4B10-8BE2-705F3C022139}.Release2026|x86.Build.0 = Release2026|Any CPU
		{A1234567-B890-1234-5678-90ABCDEF1234}.Debug|Any CPU.ActiveCfg = Debug|Any CPU
		{A1234567-B890-1234-5678-90ABCDEF1234}.Debug|Any CPU.Build.0 = Debug|Any CPU
		{A1234567-B890-1234-5678-90ABCDEF1234}.Debug|x64.ActiveCfg = Debug|Any CPU
		{A1234567-B890-1234-5678-90ABCDEF1234}.Debug|x64.Build.0 = Debug|Any CPU
		{A1234567-B890-1234-5678-90ABCDEF1234}.Debug|x86.ActiveCfg = Debug|Any CPU
		{A1234567-B890-1234-5678-90ABCDEF1234}.Debug|x86.Build.0 = Debug|Any CPU
		{A1234567-B890-1234-5678-90ABCDEF1234}.Debug2023|Any CPU.ActiveCfg = Debug|Any CPU
		{A1234567-B890-1234-5678-90ABCDEF1234}.Debug2023|Any CPU.Build.0 = Debug|Any CPU
		{A1234567-B890-1234-5678-90ABCDEF1234}.Debug2023|x64.ActiveCfg = Debug|Any CPU
		{A1234567-B890-1234-5678-90ABCDEF1234}.Debug2023|x64.Build.0 = Debug|Any CPU
		{A1234567-B890-1234-5678-90ABCDEF1234}.Debug2023|x86.ActiveCfg = Debug|Any CPU
		{A1234567-B890-1234-5678-90ABCDEF1234}.Debug2023|x86.Build.0 = Debug|Any CPU
		{A1234567-B890-1234-5678-90ABCDEF1234}.Debug2024|Any CPU.ActiveCfg = Debug|Any CPU
		{A1234567-B890-1234-5678-90ABCDEF1234}.Debug2024|Any CPU.Build.0 = Debug|Any CPU
		{A1234567-B890-1234-5678-90ABCDEF1234}.Debug2024|x64.ActiveCfg = Debug|Any CPU
		{A1234567-B890-1234-5678-90ABCDEF1234}.Debug2024|x64.Build.0 = Debug|Any CPU
		{A1234567-B890-1234-5678-90ABCDEF1234}.Debug2024|x86.ActiveCfg = Debug|Any CPU
		{A1234567-B890-1234-5678-90ABCDEF1234}.Debug2024|x86.Build.0 = Debug|Any CPU
		{A1234567-B890-1234-5678-90ABCDEF1234}.Debug2025|Any CPU.ActiveCfg = Debug|Any CPU
		{A1234567-B890-1234-5678-90ABCDEF1234}.Debug2025|Any CPU.Build.0 = Debug|Any CPU
		{A1234567-B890-1234-5678-90ABCDEF1234}.Debug2025|x64.ActiveCfg = Debug|Any CPU
		{A1234567-B890-1234-5678-90ABCDEF1234}.Debug2025|x64.Build.0 = Debug|Any CPU
		{A1234567-B890-1234-5678-90ABCDEF1234}.Debug2025|x86.ActiveCfg = Debug|Any CPU
		{A1234567-B890-1234-5678-90ABCDEF1234}.Debug2025|x86.Build.0 = Debug|Any CPU
		{A1234567-B890-1234-5678-90ABCDEF1234}.Debug2026|Any CPU.ActiveCfg = Debug|Any CPU
		{A1234567-B890-1234-5678-90ABCDEF1234}.Debug2026|Any CPU.Build.0 = Debug|Any CPU
		{A1234567-B890-1234-5678-90ABCDEF1234}.Debug2026|x64.ActiveCfg = Debug|Any CPU
		{A1234567-B890-1234-5678-90ABCDEF1234}.Debug2026|x64.Build.0 = Debug|Any CPU
		{A1234567-B890-1234-5678-90ABCDEF1234}.Debug2026|x86.ActiveCfg = Debug|Any CPU
		{A1234567-B890-1234-5678-90ABCDEF1234}.Debug2026|x86.Build.0 = Debug|Any CPU
		{A1234567-B890-1234-5678-90ABCDEF1234}.Release|Any CPU.ActiveCfg = Release|Any CPU
		{A1234567-B890-1234-5678-90ABCDEF1234}.Release|Any CPU.Build.0 = Release|Any CPU
		{A1234567-B890-1234-5678-90ABCDEF1234}.Release|x64.ActiveCfg = Release|Any CPU
		{A1234567-B890-1234-5678-90ABCDEF1234}.Release|x64.Build.0 = Release|Any CPU
		{A1234567-B890-1234-5678-90ABCDEF1234}.Release|x86.ActiveCfg = Release|Any CPU
		{A1234567-B890-1234-5678-90ABCDEF1234}.Release|x86.Build.0 = Release|Any CPU
		{A1234567-B890-1234-5678-90ABCDEF1234}.Release2023|Any CPU.ActiveCfg = Release|Any CPU
		{A1234567-B890-1234-5678-90ABCDEF1234}.Release2023|Any CPU.Build.0 = Release|Any CPU
		{A1234567-B890-1234-5678-90ABCDEF1234}.Release2023|x64.ActiveCfg = Release|Any CPU
		{A1234567-B890-1234-5678-90ABCDEF1234}.Release2023|x64.Build.0 = Release|Any CPU
		{A1234567-B890-1234-5678-90ABCDEF1234}.Release2023|x86.ActiveCfg = Release|Any CPU
		{A1234567-B890-1234-5678-90ABCDEF1234}.Release2023|x86.Build.0 = Release|Any CPU
		{A1234567-B890-1234-5678-90ABCDEF1234}.Release2024|Any CPU.ActiveCfg = Release|Any CPU
		{A1234567-B890-1234-5678-90ABCDEF1234}.Release2024|Any CPU.Build.0 = Release|Any CPU
		{A1234567-B890-1234-5678-90ABCDEF1234}.Release2024|x64.ActiveCfg = Release|Any CPU
		{A1234567-B890-1234-5678-90ABCDEF1234}.Release2024|x64.Build.0 = Release|Any CPU
		{A1234567-B890-1234-5678-90ABCDEF1234}.Release2024|x86.ActiveCfg = Release|Any CPU
		{A1234567-B890-1234-5678-90ABCDEF1234}.Release2024|x86.Build.0 = Release|Any CPU
		{A1234567-B890-1234-5678-90ABCDEF1234}.Release2025|Any CPU.ActiveCfg = Release|Any CPU
		{A1234567-B890-1234-5678-90ABCDEF1234}.Release2025|Any CPU.Build.0 = Release|Any CPU
		{A1234567-B890-1234-5678-90ABCDEF1234}.Release2025|x64.ActiveCfg = Release|Any CPU
		{A1234567-B890-1234-5678-90ABCDEF1234}.Release2025|x64.Build.0 = Release|Any CPU
		{A1234567-B890-1234-5678-90ABCDEF1234}.Release2025|x86.ActiveCfg = Release|Any CPU
		{A1234567-B890-1234-5678-90ABCDEF1234}.Release2025|x86.Build.0 = Release|Any CPU
		{A1234567-B890-1234-5678-90ABCDEF1234}.Release2026|Any CPU.ActiveCfg = Release|Any CPU
		{A1234567-B890-1234-5678-90ABCDEF1234}.Release2026|Any CPU.Build.0 = Release|Any CPU
		{A1234567-B890-1234-5678-90ABCDEF1234}.Release2026|x64.ActiveCfg = Release|Any CPU
		{A1234567-B890-1234-5678-90ABCDEF1234}.Release2026|x64.Build.0 = Release|Any CPU
		{A1234567-B890-1234-5678-90ABCDEF1234}.Release2026|x86.ActiveCfg = Release|Any CPU
		{A1234567-B890-1234-5678-90ABCDEF1234}.Release2026|x86.Build.0 = Release|Any CPU
	EndGlobalSection
	GlobalSection(SolutionProperties) = preSolution
		HideSolutionNode = FALSE
	EndGlobalSection
	GlobalSection(ExtensibilityGlobals) = postSolution
		SolutionGuid = {E80FC690-E7B6-4A85-9773-36C7CD623FC9}
	EndGlobalSection
EndGlobal
